{
  "name": "CarDealer",
  "lockfileVersion": 2,
  "requires": true,
  "packages": {
    "": {
      "dependencies": {
        "flag-icon-css": "^4.1.6"
      }
    },
    "node_modules/flag-icon-css": {
      "version": "4.1.6",
      "resolved": "https://registry.npmjs.org/flag-icon-css/-/flag-icon-css-4.1.6.tgz",
      "integrity": "sha512-3VJPAZJg9x3/Av1Gv6T+hznRcag+mlIThp7Ku1oI2F8yxAGfLwuTI5VMEdw5m2M8mbFMZO2F66Cix5bQ8m2Xag=="
    }
  },
  "dependencies": {
    "flag-icon-css": {
      "version": "4.1.6",
      "resolved": "https://registry.npmjs.org/flag-icon-css/-/flag-icon-css-4.1.6.tgz",
      "integrity": "sha512-3VJPAZJg9x3/Av1Gv6T+hznRcag+mlIThp7Ku1oI2F8yxAGfLwuTI5VMEdw5m2M8mbFMZO2F66Cix5bQ8m2Xag=="
    }
  }
}
